
Microsoft Visual Studio Solution File, Format Version 12.00
# Visual Studio Version 17
VisualStudioVersion = 17.0.32112.339
MinimumVisualStudioVersion = 10.0.40219.1
Project("{FAE04EC0-301F-11D3-BF4B-00C04F79EFBC}") = "GBCSporting_Flip_Framework", "GBCSporting_Flip_Framework\GBCSporting_Flip_Framework.csproj", "{ECC31CC7-98C8-4FDF-8667-444095B51D38}"
EndProject
Global
	GlobalSection(SolutionConfigurationPlatforms) = preSolution
		Debug|Any CPU = Debug|Any CPU
		Release|Any CPU = Release|Any CPU
	EndGlobalSection
	GlobalSection(ProjectConfigurationPlatforms) = postSolution
		{ECC31CC7-98C8-4FDF-8667-444095B51D38}.Debug|Any CPU.ActiveCfg = Debug|Any CPU
		{ECC31CC7-98C8-4FDF-8667-444095B51D38}.Debug|Any CPU.Build.0 = Debug|Any CPU
		{ECC31CC7-98C8-4FDF-8667-444095B51D38}.Release|Any CPU.ActiveCfg = Release|Any CPU
		{ECC31CC7-98C8-4FDF-8667-444095B51D38}.Release|Any CPU.Build.0 = Release|Any CPU
	EndGlobalSection
	GlobalSection(SolutionProperties) = preSolution
		HideSolutionNode = FALSE
	EndGlobalSection
	GlobalSection(ExtensibilityGlobals) = postSolution
		SolutionGuid = {7A4CC0DF-9D87-4B89-A30E-625D6C1FC736}
	EndGlobalSection
EndGlobal
